// !$*UTF8*$!
{
	archiveVersion = 1;
	classes = {
	};
	objectVersion = 56;
	objects = {

/* Begin PBXBuildFile section */
		10A60FA32B36FE79006FEB99 /* AppDelegate.swift in Sources */ = {isa = PBXBuildFile; fileRef = 10A60FA22B36FE79006FEB99 /* AppDelegate.swift */; };
		10A60FA52B36FE79006FEB99 /* SceneDelegate.swift in Sources */ = {isa = PBXBuildFile; fileRef = 10A60FA42B36FE79006FEB99 /* SceneDelegate.swift */; };
		10A60FAC2B36FE7A006FEB99 /* Assets.xcassets in Resources */ = {isa = PBXBuildFile; fileRef = 10A60FAB2B36FE7A006FEB99 /* Assets.xcassets */; };
		10A60FAF2B36FE7A006FEB99 /* LaunchScreen.storyboard in Resources */ = {isa = PBXBuildFile; fileRef = 10A60FAD2B36FE7A006FEB99 /* LaunchScreen.storyboard */; };
		10A60FB72B36FF63006FEB99 /* HomeViewController.swift in Sources */ = {isa = PBXBuildFile; fileRef = 10A60FB62B36FF63006FEB99 /* HomeViewController.swift */; };
		10A60FBF2B373E9E006FEB99 /* SnapKit in Frameworks */ = {isa = PBXBuildFile; productRef = 10A60FBE2B373E9E006FEB99 /* SnapKit */; };
		10A60FC12B373E9E006FEB99 /* SnapKit-Dynamic in Frameworks */ = {isa = PBXBuildFile; productRef = 10A60FC02B373E9E006FEB99 /* SnapKit-Dynamic */; };
		10A60FC92B377277006FEB99 /* NewsView.swift in Sources */ = {isa = PBXBuildFile; fileRef = 10A60FC82B377277006FEB99 /* NewsView.swift */; };
		10AA4B6A2B3833D400A72F7D /* TabBarHomeViewController.swift in Sources */ = {isa = PBXBuildFile; fileRef = 10AA4B692B3833D400A72F7D /* TabBarHomeViewController.swift */; };
		10AA4B6C2B38355600A72F7D /* ProductDetailViewController.swift in Sources */ = {isa = PBXBuildFile; fileRef = 10AA4B6B2B38355600A72F7D /* ProductDetailViewController.swift */; };
/* End PBXBuildFile section */

/* Begin PBXFileReference section */
		10A60F9F2B36FE79006FEB99 /* FormTest1.app */ = {isa = PBXFileReference; explicitFileType = wrapper.application; includeInIndex = 0; path = FormTest1.app; sourceTree = BUILT_PRODUCTS_DIR; };
		10A60FA22B36FE79006FEB99 /* AppDelegate.swift */ = {isa = PBXFileReference; lastKnownFileType = sourcecode.swift; path = AppDelegate.swift; sourceTree = "<group>"; };
		10A60FA42B36FE79006FEB99 /* SceneDelegate.swift */ = {isa = PBXFileReference; lastKnownFileType = sourcecode.swift; path = SceneDelegate.swift; sourceTree = "<group>"; };
		10A60FAB2B36FE7A006FEB99 /* Assets.xcassets */ = {isa = PBXFileReference; lastKnownFileType = folder.assetcatalog; path = Assets.xcassets; sourceTree = "<group>"; };
		10A60FAE2B36FE7A006FEB99 /* Base */ = {isa = PBXFileReference; lastKnownFileType = file.storyboard; name = Base; path = Base.lproj/LaunchScreen.storyboard; sourceTree = "<group>"; };
		10A60FB02B36FE7A006FEB99 /* Info.plist */ = {isa = PBXFileReference; lastKnownFileType = text.plist.xml; path = Info.plist; sourceTree = "<group>"; };
		10A60FB62B36FF63006FEB99 /* HomeViewController.swift */ = {isa = PBXFileReference; lastKnownFileType = sourcecode.swift; path = HomeViewController.swift; sourceTree = "<group>"; };
		10A60FC82B377277006FEB99 /* NewsView.swift */ = {isa = PBXFileReference; lastKnownFileType = sourcecode.swift; path = NewsView.swift; sourceTree = "<group>"; };
		10AA4B692B3833D400A72F7D /* TabBarHomeViewController.swift */ = {isa = PBXFileReference; lastKnownFileType = sourcecode.swift; path = TabBarHomeViewController.swift; sourceTree = "<group>"; };
		10AA4B6B2B38355600A72F7D /* ProductDetailViewController.swift */ = {isa = PBXFileReference; lastKnownFileType = sourcecode.swift; path = ProductDetailViewController.swift; sourceTree = "<group>"; };
/* End PBXFileReference section */

/* Begin PBXFrameworksBuildPhase section */
		10A60F9C2B36FE79006FEB99 /* Frameworks */ = {
			isa = PBXFrameworksBuildPhase;
			buildActionMask = 2147483647;
			files = (
				10A60FBF2B373E9E006FEB99 /* SnapKit in Frameworks */,
				10A60FC12B373E9E006FEB99 /* SnapKit-Dynamic in Frameworks */,
			);
			runOnlyForDeploymentPostprocessing = 0;
		};
/* End PBXFrameworksBuildPhase section */

/* Begin PBXGroup section */
		10A60F962B36FE79006FEB99 = {
			isa = PBXGroup;
			children = (
				10A60FA12B36FE79006FEB99 /* SwiftUKitProgrammaticallyApp */,
				10A60FA02B36FE79006FEB99 /* Products */,
			);
			sourceTree = "<group>";
		};
		10A60FA02B36FE79006FEB99 /* Products */ = {
			isa = PBXGroup;
			children = (
				10A60F9F2B36FE79006FEB99 /* FormTest1.app */,
			);
			name = Products;
			sourceTree = "<group>";
		};
		10A60FA12B36FE79006FEB99 /* SwiftUKitProgrammaticallyApp */ = {
			isa = PBXGroup;
			children = (
				10A60FBC2B37236D006FEB99 /* Support */,
				10A60FBB2B372354006FEB99 /* Resources */,
				10A60FB92B37232F006FEB99 /* Scene */,
				10A60FB82B3722F7006FEB99 /* App */,
			);
			path = SwiftUKitProgrammaticallyApp;
			sourceTree = "<group>";
		};
		10A60FB82B3722F7006FEB99 /* App */ = {
			isa = PBXGroup;
			children = (
				10A60FA42B36FE79006FEB99 /* SceneDelegate.swift */,
				10A60FA22B36FE79006FEB99 /* AppDelegate.swift */,
			);
			path = App;
			sourceTree = "<group>";
		};
		10A60FB92B37232F006FEB99 /* Scene */ = {
			isa = PBXGroup;
			children = (
				10AA4B6D2B38418C00A72F7D /* Intro */,
				10A60FC22B376C88006FEB99 /* Extensions */,
				10A60FBA2B37233C006FEB99 /* Home */,
			);
			path = Scene;
			sourceTree = "<group>";
		};
		10A60FBA2B37233C006FEB99 /* Home */ = {
			isa = PBXGroup;
			children = (
				10AA4B662B3830B100A72F7D /* TabBar */,
				10A60FC52B376E1F006FEB99 /* NewsView */,
				10A60FB62B36FF63006FEB99 /* HomeViewController.swift */,
				10AA4B6B2B38355600A72F7D /* ProductDetailViewController.swift */,
			);
			path = Home;
			sourceTree = "<group>";
		};
		10A60FBB2B372354006FEB99 /* Resources */ = {
			isa = PBXGroup;
			children = (
				10A60FAB2B36FE7A006FEB99 /* Assets.xcassets */,
				10A60FAD2B36FE7A006FEB99 /* LaunchScreen.storyboard */,
			);
			path = Resources;
			sourceTree = "<group>";
		};
		10A60FBC2B37236D006FEB99 /* Support */ = {
			isa = PBXGroup;
			children = (
				10A60FB02B36FE7A006FEB99 /* Info.plist */,
			);
			path = Support;
			sourceTree = "<group>";
		};
		10A60FC22B376C88006FEB99 /* Extensions */ = {
			isa = PBXGroup;
			children = (
			);
			path = Extensions;
			sourceTree = "<group>";
		};
		10A60FC52B376E1F006FEB99 /* NewsView */ = {
			isa = PBXGroup;
			children = (
				10A60FC82B377277006FEB99 /* NewsView.swift */,
			);
			path = NewsView;
			sourceTree = "<group>";
		};
		10AA4B662B3830B100A72F7D /* TabBar */ = {
			isa = PBXGroup;
			children = (
				10AA4B692B3833D400A72F7D /* TabBarHomeViewController.swift */,
			);
			path = TabBar;
			sourceTree = "<group>";
		};
		10AA4B6D2B38418C00A72F7D /* Intro */ = {
			isa = PBXGroup;
			children = (
			);
			path = Intro;
			sourceTree = "<group>";
		};
/* End PBXGroup section */

/* Begin PBXNativeTarget section */
		10A60F9E2B36FE79006FEB99 /* FormTest1 */ = {
			isa = PBXNativeTarget;
			buildConfigurationList = 10A60FB32B36FE7A006FEB99 /* Build configuration list for PBXNativeTarget "FormTest1" */;
			buildPhases = (
				10A60F9B2B36FE79006FEB99 /* Sources */,
				10A60F9C2B36FE79006FEB99 /* Frameworks */,
				10A60F9D2B36FE79006FEB99 /* Resources */,
			);
			buildRules = (
			);
			dependencies = (
			);
			name = FormTest1;
			packageProductDependencies = (
				10A60FBE2B373E9E006FEB99 /* SnapKit */,
				10A60FC02B373E9E006FEB99 /* SnapKit-Dynamic */,
			);
			productName = FormTest1;
			productReference = 10A60F9F2B36FE79006FEB99 /* FormTest1.app */;
			productType = "com.apple.product-type.application";
		};
/* End PBXNativeTarget section */

/* Begin PBXProject section */
		10A60F972B36FE79006FEB99 /* Project object */ = {
			isa = PBXProject;
			attributes = {
				BuildIndependentTargetsInParallel = 1;
				LastSwiftUpdateCheck = 1510;
				LastUpgradeCheck = 1510;
				TargetAttributes = {
					10A60F9E2B36FE79006FEB99 = {
						CreatedOnToolsVersion = 15.1;
					};
				};
			};
			buildConfigurationList = 10A60F9A2B36FE79006FEB99 /* Build configuration list for PBXProject "SwiftUKitProgrammaticallyApp" */;
			compatibilityVersion = "Xcode 14.0";
			developmentRegion = en;
			hasScannedForEncodings = 0;
			knownRegions = (
				en,
				Base,
			);
			mainGroup = 10A60F962B36FE79006FEB99;
			packageReferences = (
				10A60FBD2B373E9E006FEB99 /* XCRemoteSwiftPackageReference "SnapKit" */,
			);
			productRefGroup = 10A60FA02B36FE79006FEB99 /* Products */;
			projectDirPath = "";
			projectRoot = "";
			targets = (
				10A60F9E2B36FE79006FEB99 /* FormTest1 */,
			);
		};
/* End PBXProject section */

/* Begin PBXResourcesBuildPhase section */
		10A60F9D2B36FE79006FEB99 /* Resources */ = {
			isa = PBXResourcesBuildPhase;
			buildActionMask = 2147483647;
			files = (
				10A60FAF2B36FE7A006FEB99 /* LaunchScreen.storyboard in Resources */,
				10A60FAC2B36FE7A006FEB99 /* Assets.xcassets in Resources */,
			);
			runOnlyForDeploymentPostprocessing = 0;
		};
/* End PBXResourcesBuildPhase section */

/* Begin PBXSourcesBuildPhase section */
		10A60F9B2B36FE79006FEB99 /* Sources */ = {
			isa = PBXSourcesBuildPhase;
			buildActionMask = 2147483647;
			files = (
				10A60FA32B36FE79006FEB99 /* AppDelegate.swift in Sources */,
				10A60FC92B377277006FEB99 /* NewsView.swift in Sources */,
				10A60FA52B36FE79006FEB99 /* SceneDelegate.swift in Sources */,
				10A60FB72B36FF63006FEB99 /* HomeViewController.swift in Sources */,
				10AA4B6A2B3833D400A72F7D /* TabBarHomeViewController.swift in Sources */,
				10AA4B6C2B38355600A72F7D /* ProductDetailViewController.swift in Sources */,
			);
			runOnlyForDeploymentPostprocessing = 0;
		};
/* End PBXSourcesBuildPhase section */

/* Begin PBXVariantGroup section */
		10A60FAD2B36FE7A006FEB99 /* LaunchScreen.storyboard */ = {
			isa = PBXVariantGroup;
			children = (
				10A60FAE2B36FE7A006FEB99 /* Base */,
			);
			name = LaunchScreen.storyboard;
			sourceTree = "<group>";
		};
/* End PBXVariantGroup section */

/* Begin XCBuildConfiguration section */
		10A60FB12B36FE7A006FEB99 /* Debug */ = {
			isa = XCBuildConfiguration;
			buildSettings = {
				ALWAYS_SEARCH_USER_PATHS = NO;
				ASSETCATALOG_COMPILER_GENERATE_SWIFT_ASSET_SYMBOL_EXTENSIONS = YES;
				CLANG_ANALYZER_NONNULL = YES;
				CLANG_ANALYZER_NUMBER_OBJECT_CONVERSION = YES_AGGRESSIVE;
				CLANG_CXX_LANGUAGE_STANDARD = "gnu++20";
				CLANG_ENABLE_MODULES = YES;
				CLANG_ENABLE_OBJC_ARC = YES;
				CLANG_ENABLE_OBJC_WEAK = YES;
				CLANG_WARN_BLOCK_CAPTURE_AUTORELEASING = YES;
				CLANG_WARN_BOOL_CONVERSION = YES;
				CLANG_WARN_COMMA = YES;
				CLANG_WARN_CONSTANT_CONVERSION = YES;
				CLANG_WARN_DEPRECATED_OBJC_IMPLEMENTATIONS = YES;
				CLANG_WARN_DIRECT_OBJC_ISA_USAGE = YES_ERROR;
				CLANG_WARN_DOCUMENTATION_COMMENTS = YES;
				CLANG_WARN_EMPTY_BODY = YES;
				CLANG_WARN_ENUM_CONVERSION = YES;
				CLANG_WARN_INFINITE_RECURSION = YES;
				CLANG_WARN_INT_CONVERSION = YES;
				CLANG_WARN_NON_LITERAL_NULL_CONVERSION = YES;
				CLANG_WARN_OBJC_IMPLICIT_RETAIN_SELF = YES;
				CLANG_WARN_OBJC_LITERAL_CONVERSION = YES;
				CLANG_WARN_OBJC_ROOT_CLASS = YES_ERROR;
				CLANG_WARN_QUOTED_INCLUDE_IN_FRAMEWORK_HEADER = YES;
				CLANG_WARN_RANGE_LOOP_ANALYSIS = YES;
				CLANG_WARN_STRICT_PROTOTYPES = YES;
				CLANG_WARN_SUSPICIOUS_MOVE = YES;
				CLANG_WARN_UNGUARDED_AVAILABILITY = YES_AGGRESSIVE;
				CLANG_WARN_UNREACHABLE_CODE = YES;
				CLANG_WARN__DUPLICATE_METHOD_MATCH = YES;
				COPY_PHASE_STRIP = NO;
				DEBUG_INFORMATION_FORMAT = dwarf;
				ENABLE_STRICT_OBJC_MSGSEND = YES;
				ENABLE_TESTABILITY = YES;
				ENABLE_USER_SCRIPT_SANDBOXING = YES;
				GCC_C_LANGUAGE_STANDARD = gnu17;
				GCC_DYNAMIC_NO_PIC = NO;
				GCC_NO_COMMON_BLOCKS = YES;
				GCC_OPTIMIZATION_LEVEL = 0;
				GCC_PREPROCESSOR_DEFINITIONS = (
					"DEBUG=1",
					"$(inherited)",
				);
				GCC_WARN_64_TO_32_BIT_CONVERSION = YES;
				GCC_WARN_ABOUT_RETURN_TYPE = YES_ERROR;
				GCC_WARN_UNDECLARED_SELECTOR = YES;
				GCC_WARN_UNINITIALIZED_AUTOS = YES_AGGRESSIVE;
				GCC_WARN_UNUSED_FUNCTION = YES;
				GCC_WARN_UNUSED_VARIABLE = YES;
				IPHONEOS_DEPLOYMENT_TARGET = 17.2;
				LOCALIZATION_PREFERS_STRING_CATALOGS = YES;
				MTL_ENABLE_DEBUG_INFO = INCLUDE_SOURCE;
				MTL_FAST_MATH = YES;
				ONLY_ACTIVE_ARCH = YES;
				SDKROOT = iphoneos;
				SWIFT_ACTIVE_COMPILATION_CONDITIONS = "DEBUG $(inherited)";
				SWIFT_OPTIMIZATION_LEVEL = "-Onone";
			};
			name = Debug;
		};
		10A60FB22B36FE7A006FEB99 /* Release */ = {
			isa = XCBuildConfiguration;
			buildSettings = {
				ALWAYS_SEARCH_USER_PATHS = NO;
				ASSETCATALOG_COMPILER_GENERATE_SWIFT_ASSET_SYMBOL_EXTENSIONS = YES;
				CLANG_ANALYZER_NONNULL = YES;
				CLANG_ANALYZER_NUMBER_OBJECT_CONVERSION = YES_AGGRESSIVE;
				CLANG_CXX_LANGUAGE_STANDARD = "gnu++20";
				CLANG_ENABLE_MODULES = YES;
				CLANG_ENABLE_OBJC_ARC = YES;
				CLANG_ENABLE_OBJC_WEAK = YES;
				CLANG_WARN_BLOCK_CAPTURE_AUTORELEASING = YES;
				CLANG_WARN_BOOL_CONVERSION = YES;
				CLANG_WARN_COMMA = YES;
				CLANG_WARN_CONSTANT_CONVERSION = YES;
				CLANG_WARN_DEPRECATED_OBJC_IMPLEMENTATIONS = YES;
				CLANG_WARN_DIRECT_OBJC_ISA_USAGE = YES_ERROR;
				CLANG_WARN_DOCUMENTATION_COMMENTS = YES;
				CLANG_WARN_EMPTY_BODY = YES;
				CLANG_WARN_ENUM_CONVERSION = YES;
				CLANG_WARN_INFINITE_RECURSION = YES;
				CLANG_WARN_INT_CONVERSION = YES;
				CLANG_WARN_NON_LITERAL_NULL_CONVERSION = YES;
				CLANG_WARN_OBJC_IMPLICIT_RETAIN_SELF = YES;
				CLANG_WARN_OBJC_LITERAL_CONVERSION = YES;
				CLANG_WARN_OBJC_ROOT_CLASS = YES_ERROR;
				CLANG_WARN_QUOTED_INCLUDE_IN_FRAMEWORK_HEADER = YES;
				CLANG_WARN_RANGE_LOOP_ANALYSIS = YES;
				CLANG_WARN_STRICT_PROTOTYPES = YES;
				CLANG_WARN_SUSPICIOUS_MOVE = YES;
				CLANG_WARN_UNGUARDED_AVAILABILITY = YES_AGGRESSIVE;
				CLANG_WARN_UNREACHABLE_CODE = YES;
				CLANG_WARN__DUPLICATE_METHOD_MATCH = YES;
				COPY_PHASE_STRIP = NO;
				DEBUG_INFORMATION_FORMAT = "dwarf-with-dsym";
				ENABLE_NS_ASSERTIONS = NO;
				ENABLE_STRICT_OBJC_MSGSEND = YES;
				ENABLE_USER_SCRIPT_SANDBOXING = YES;
				GCC_C_LANGUAGE_STANDARD = gnu17;
				GCC_NO_COMMON_BLOCKS = YES;
				GCC_WARN_64_TO_32_BIT_CONVERSION = YES;
				GCC_WARN_ABOUT_RETURN_TYPE = YES_ERROR;
				GCC_WARN_UNDECLARED_SELECTOR = YES;
				GCC_WARN_UNINITIALIZED_AUTOS = YES_AGGRESSIVE;
				GCC_WARN_UNUSED_FUNCTION = YES;
				GCC_WARN_UNUSED_VARIABLE = YES;
				IPHONEOS_DEPLOYMENT_TARGET = 17.2;
				LOCALIZATION_PREFERS_STRING_CATALOGS = YES;
				MTL_ENABLE_DEBUG_INFO = NO;
				MTL_FAST_MATH = YES;
				SDKROOT = iphoneos;
				SWIFT_COMPILATION_MODE = wholemodule;
				VALIDATE_PRODUCT = YES;
			};
			name = Release;
		};
		10A60FB42B36FE7A006FEB99 /* Debug */ = {
			isa = XCBuildConfiguration;
			buildSettings = {
				ASSETCATALOG_COMPILER_APPICON_NAME = AppIcon;
				ASSETCATALOG_COMPILER_GLOBAL_ACCENT_COLOR_NAME = AccentColor;
				CODE_SIGN_STYLE = Automatic;
				CURRENT_PROJECT_VERSION = 1;
				DEVELOPMENT_TEAM = 22NXDTZL8R;
				GENERATE_INFOPLIST_FILE = YES;
				INFOPLIST_FILE = SwiftUKitProgrammaticallyApp/Support/Info.plist;
				INFOPLIST_KEY_UIApplicationSupportsIndirectInputEvents = YES;
				INFOPLIST_KEY_UILaunchStoryboardName = LaunchScreen;
				INFOPLIST_KEY_UISupportedInterfaceOrientations_iPad = "UIInterfaceOrientationPortrait UIInterfaceOrientationPortraitUpsideDown UIInterfaceOrientationLandscapeLeft UIInterfaceOrientationLandscapeRight";
				INFOPLIST_KEY_UISupportedInterfaceOrientations_iPhone = "UIInterfaceOrientationPortrait UIInterfaceOrientationLandscapeLeft UIInterfaceOrientationLandscapeRight";
				IPHONEOS_DEPLOYMENT_TARGET = 13.1;
				LD_RUNPATH_SEARCH_PATHS = (
					"$(inherited)",
					"@executable_path/Frameworks",
				);
				MARKETING_VERSION = 1.0;
				PRODUCT_BUNDLE_IDENTIFIER = com.test.story.SwiftUKitProgrammaticallyApp;
				PRODUCT_NAME = "$(TARGET_NAME)";
				SWIFT_EMIT_LOC_STRINGS = YES;
				SWIFT_VERSION = 5.0;
				TARGETED_DEVICE_FAMILY = "1,2";
			};
			name = Debug;
		};
		10A60FB52B36FE7A006FEB99 /* Release */ = {
			isa = XCBuildConfiguration;
			buildSettings = {
				ASSETCATALOG_COMPILER_APPICON_NAME = AppIcon;
				ASSETCATALOG_COMPILER_GLOBAL_ACCENT_COLOR_NAME = AccentColor;
				CODE_SIGN_STYLE = Automatic;
				CURRENT_PROJECT_VERSION = 1;
				DEVELOPMENT_TEAM = 22NXDTZL8R;
				GENERATE_INFOPLIST_FILE = YES;
				INFOPLIST_FILE = SwiftUKitProgrammaticallyApp/Support/Info.plist;
				INFOPLIST_KEY_UIApplicationSupportsIndirectInputEvents = YES;
				INFOPLIST_KEY_UILaunchStoryboardName = LaunchScreen;
				INFOPLIST_KEY_UISupportedInterfaceOrientations_iPad = "UIInterfaceOrientationPortrait UIInterfaceOrientationPortraitUpsideDown UIInterfaceOrientationLandscapeLeft UIInterfaceOrientationLandscapeRight";
				INFOPLIST_KEY_UISupportedInterfaceOrientations_iPhone = "UIInterfaceOrientationPortrait UIInterfaceOrientationLandscapeLeft UIInterfaceOrientationLandscapeRight";
				IPHONEOS_DEPLOYMENT_TARGET = 13.1;
				LD_RUNPATH_SEARCH_PATHS = (
					"$(inherited)",
					"@executable_path/Frameworks",
				);
				MARKETING_VERSION = 1.0;
				PRODUCT_BUNDLE_IDENTIFIER = com.test.story.SwiftUKitProgrammaticallyApp;
				PRODUCT_NAME = "$(TARGET_NAME)";
				SWIFT_EMIT_LOC_STRINGS = YES;
				SWIFT_VERSION = 5.0;
				TARGETED_DEVICE_FAMILY = "1,2";
			};
			name = Release;
		};
/* End XCBuildConfiguration section */

/* Begin XCConfigurationList section */
		10A60F9A2B36FE79006FEB99 /* Build configuration list for PBXProject "SwiftUKitProgrammaticallyApp" */ = {
			isa = XCConfigurationList;
			buildConfigurations = (
				10A60FB12B36FE7A006FEB99 /* Debug */,
				10A60FB22B36FE7A006FEB99 /* Release */,
			);
			defaultConfigurationIsVisible = 0;
			defaultConfigurationName = Release;
		};
		10A60FB32B36FE7A006FEB99 /* Build configuration list for PBXNativeTarget "FormTest1" */ = {
			isa = XCConfigurationList;
			buildConfigurations = (
				10A60FB42B36FE7A006FEB99 /* Debug */,
				10A60FB52B36FE7A006FEB99 /* Release */,
			);
			defaultConfigurationIsVisible = 0;
			defaultConfigurationName = Release;
		};
/* End XCConfigurationList section */

/* Begin XCRemoteSwiftPackageReference section */
		10A60FBD2B373E9E006FEB99 /* XCRemoteSwiftPackageReference "SnapKit" */ = {
			isa = XCRemoteSwiftPackageReference;
			repositoryURL = "https://github.com/SnapKit/SnapKit.git";
			requirement = {
				kind = upToNextMajorVersion;
				minimumVersion = 5.6.0;
			};
		};
/* End XCRemoteSwiftPackageReference section */

/* Begin XCSwiftPackageProductDependency section */
		10A60FBE2B373E9E006FEB99 /* SnapKit */ = {
			isa = XCSwiftPackageProductDependency;
			package = 10A60FBD2B373E9E006FEB99 /* XCRemoteSwiftPackageReference "SnapKit" */;
			productName = SnapKit;
		};
		10A60FC02B373E9E006FEB99 /* SnapKit-Dynamic */ = {
			isa = XCSwiftPackageProductDependency;
			package = 10A60FBD2B373E9E006FEB99 /* XCRemoteSwiftPackageReference "SnapKit" */;
			productName = "SnapKit-Dynamic";
		};
/* End XCSwiftPackageProductDependency section */
	};
	rootObject = 10A60F972B36FE79006FEB99 /* Project object */;
}
